
Microsoft Visual Studio Solution File, Format Version 12.00
# Visual Studio Version 17
VisualStudioVersion = 17.7.34024.191
MinimumVisualStudioVersion = 10.0.40219.1
Project("{FAE04EC0-301F-11D3-BF4B-00C04F79EFBC}") = "App", "App\App.csproj", "{175E98FC-4157-4D07-89F2-1240B92AA975}"
EndProject
Global
	GlobalSection(SolutionConfigurationPlatforms) = preSolution
		Debug|Any CPU = Debug|Any CPU
		Release|Any CPU = Release|Any CPU
	EndGlobalSection
	GlobalSection(ProjectConfigurationPlatforms) = postSolution
		{175E98FC-4157-4D07-89F2-1240B92AA975}.Debug|Any CPU.ActiveCfg = Debug|Any CPU
		{175E98FC-4157-4D07-89F2-1240B92AA975}.Debug|Any CPU.Build.0 = Debug|Any CPU
		{175E98FC-4157-4D07-89F2-1240B92AA975}.Release|Any CPU.ActiveCfg = Release|Any CPU
		{175E98FC-4157-4D07-89F2-1240B92AA975}.Release|Any CPU.Build.0 = Release|Any CPU
	EndGlobalSection
	GlobalSection(SolutionProperties) = preSolution
		HideSolutionNode = FALSE
	EndGlobalSection
	GlobalSection(ExtensibilityGlobals) = postSolution
		SolutionGuid = {4EADC465-9C3E-4EB9-AB24-963037F37E61}
	EndGlobalSection
EndGlobal
